
Microsoft Visual Studio Solution File, Format Version 12.00
# Visual Studio Version 17
VisualStudioVersion = 17.7.34003.232
MinimumVisualStudioVersion = 10.0.40219.1
Project("{FAE04EC0-301F-11D3-BF4B-00C04F79EFBC}") = "Workout_Tracker", "Workout Tracker\Workout_Tracker.csproj", "{156D6369-67F9-41E5-8515-99EFE3029903}"
EndProject
Global
	GlobalSection(SolutionConfigurationPlatforms) = preSolution
		Debug|Any CPU = Debug|Any CPU
		Release|Any CPU = Release|Any CPU
	EndGlobalSection
	GlobalSection(ProjectConfigurationPlatforms) = postSolution
		{156D6369-67F9-41E5-8515-99EFE3029903}.Debug|Any CPU.ActiveCfg = Debug|Any CPU
		{156D6369-67F9-41E5-8515-99EFE3029903}.Debug|Any CPU.Build.0 = Debug|Any CPU
		{156D6369-67F9-41E5-8515-99EFE3029903}.Debug|Any CPU.Deploy.0 = Debug|Any CPU
		{156D6369-67F9-41E5-8515-99EFE3029903}.Release|Any CPU.ActiveCfg = Release|Any CPU
		{156D6369-67F9-41E5-8515-99EFE3029903}.Release|Any CPU.Build.0 = Release|Any CPU
		{156D6369-67F9-41E5-8515-99EFE3029903}.Release|Any CPU.Deploy.0 = Release|Any CPU
	EndGlobalSection
	GlobalSection(SolutionProperties) = preSolution
		HideSolutionNode = FALSE
	EndGlobalSection
	GlobalSection(ExtensibilityGlobals) = postSolution
		SolutionGuid = {40C9A3B4-7A65-4B56-B5AB-FE7A28CF9DC6}
	EndGlobalSection
EndGlobal
